
Microsoft Visual Studio Solution File, Format Version 12.00
# Visual Studio 15
VisualStudioVersion = 15.0.26430.15
MinimumVisualStudioVersion = 10.0.40219.1
Project("{D954291E-2A0B-460D-934E-DC6B0785DB48}") = "Performance", "Performance\Performance\Performance.shproj", "{0DCE3F08-F7B9-40B7-BC18-4E4DFA96DF7B}"
EndProject
Project("{FAE04EC0-301F-11D3-BF4B-00C04F79EFBC}") = "Performance.Android", "Performance\Performance.Android\Performance.Android.csproj", "{93A63C1A-600D-4A8F-B107-65E4DD5D97B1}"
EndProject
Project("{FAE04EC0-301F-11D3-BF4B-00C04F79EFBC}") = "Performance.iOS", "Performance\Performance.iOS\Performance.iOS.csproj", "{2DEF7AD8-7BD2-47A9-B44C-8DA2605320FA}"
EndProject
Project("{FAE04EC0-301F-11D3-BF4B-00C04F79EFBC}") = "Performance.UWP", "Performance\Performance.UWP\Performance.UWP.csproj", "{2D3D1A2C-190A-4068-AA68-1362F1A7FD7E}"
EndProject
Global
	GlobalSection(SharedMSBuildProjectFiles) = preSolution
		Performance\Performance\Performance.projitems*{0dce3f08-f7b9-40b7-bc18-4e4dfa96df7b}*SharedItemsImports = 13
		Performance\Performance\Performance.projitems*{2def7ad8-7bd2-47a9-b44c-8da2605320fa}*SharedItemsImports = 4
		Performance\Performance\Performance.projitems*{93a63c1a-600d-4a8f-b107-65e4dd5d97b1}*SharedItemsImports = 4
	EndGlobalSection
	GlobalSection(SolutionConfigurationPlatforms) = preSolution
		Ad-Hoc|Any CPU = Ad-Hoc|Any CPU
		Ad-Hoc|ARM = Ad-Hoc|ARM
		Ad-Hoc|iPhone = Ad-Hoc|iPhone
		Ad-Hoc|iPhoneSimulator = Ad-Hoc|iPhoneSimulator
		Ad-Hoc|x64 = Ad-Hoc|x64
		Ad-Hoc|x86 = Ad-Hoc|x86
		AppStore|Any CPU = AppStore|Any CPU
		AppStore|ARM = AppStore|ARM
		AppStore|iPhone = AppStore|iPhone
		AppStore|iPhoneSimulator = AppStore|iPhoneSimulator
		AppStore|x64 = AppStore|x64
		AppStore|x86 = AppStore|x86
		Debug|Any CPU = Debug|Any CPU
		Debug|ARM = Debug|ARM
		Debug|iPhone = Debug|iPhone
		Debug|iPhoneSimulator = Debug|iPhoneSimulator
		Debug|x64 = Debug|x64
		Debug|x86 = Debug|x86
		Release|Any CPU = Release|Any CPU
		Release|ARM = Release|ARM
		Release|iPhone = Release|iPhone
		Release|iPhoneSimulator = Release|iPhoneSimulator
		Release|x64 = Release|x64
		Release|x86 = Release|x86
	EndGlobalSection
	GlobalSection(ProjectConfigurationPlatforms) = postSolution
		{93A63C1A-600D-4A8F-B107-65E4DD5D97B1}.Ad-Hoc|Any CPU.ActiveCfg = Release|Any CPU
		{93A63C1A-600D-4A8F-B107-65E4DD5D97B1}.Ad-Hoc|Any CPU.Build.0 = Release|Any CPU
		{93A63C1A-600D-4A8F-B107-65E4DD5D97B1}.Ad-Hoc|Any CPU.Deploy.0 = Release|Any CPU
		{93A63C1A-600D-4A8F-B107-65E4DD5D97B1}.Ad-Hoc|ARM.ActiveCfg = Release|Any CPU
		{93A63C1A-600D-4A8F-B107-65E4DD5D97B1}.Ad-Hoc|ARM.Build.0 = Release|Any CPU
		{93A63C1A-600D-4A8F-B107-65E4DD5D97B1}.Ad-Hoc|ARM.Deploy.0 = Release|Any CPU
		{93A63C1A-600D-4A8F-B107-65E4DD5D97B1}.Ad-Hoc|iPhone.ActiveCfg = Release|Any CPU
		{93A63C1A-600D-4A8F-B107-65E4DD5D97B1}.Ad-Hoc|iPhone.Build.0 = Release|Any CPU
		{93A63C1A-600D-4A8F-B107-65E4DD5D97B1}.Ad-Hoc|iPhone.Deploy.0 = Release|Any CPU
		{93A63C1A-600D-4A8F-B107-65E4DD5D97B1}.Ad-Hoc|iPhoneSimulator.ActiveCfg = Release|Any CPU
		{93A63C1A-600D-4A8F-B107-65E4DD5D97B1}.Ad-Hoc|iPhoneSimulator.Build.0 = Release|Any CPU
		{93A63C1A-600D-4A8F-B107-65E4DD5D97B1}.Ad-Hoc|iPhoneSimulator.Deploy.0 = Release|Any CPU
		{93A63C1A-600D-4A8F-B107-65E4DD5D97B1}.Ad-Hoc|x64.ActiveCfg = Release|Any CPU
		{93A63C1A-600D-4A8F-B107-65E4DD5D97B1}.Ad-Hoc|x64.Build.0 = Release|Any CPU
		{93A63C1A-600D-4A8F-B107-65E4DD5D97B1}.Ad-Hoc|x64.Deploy.0 = Release|Any CPU
		{93A63C1A-600D-4A8F-B107-65E4DD5D97B1}.Ad-Hoc|x86.ActiveCfg = Release|Any CPU
		{93A63C1A-600D-4A8F-B107-65E4DD5D97B1}.Ad-Hoc|x86.Build.0 = Release|Any CPU
		{93A63C1A-600D-4A8F-B107-65E4DD5D97B1}.Ad-Hoc|x86.Deploy.0 = Release|Any CPU
		{93A63C1A-600D-4A8F-B107-65E4DD5D97B1}.AppStore|Any CPU.ActiveCfg = Release|Any CPU
		{93A63C1A-600D-4A8F-B107-65E4DD5D97B1}.AppStore|Any CPU.Build.0 = Release|Any CPU
		{93A63C1A-600D-4A8F-B107-65E4DD5D97B1}.AppStore|Any CPU.Deploy.0 = Release|Any CPU
		{93A63C1A-600D-4A8F-B107-65E4DD5D97B1}.AppStore|ARM.ActiveCfg = Release|Any CPU
		{93A63C1A-600D-4A8F-B107-65E4DD5D97B1}.AppStore|ARM.Build.0 = Release|Any CPU
		{93A63C1A-600D-4A8F-B107-65E4DD5D97B1}.AppStore|ARM.Deploy.0 = Release|Any CPU
		{93A63C1A-600D-4A8F-B107-65E4DD5D97B1}.AppStore|iPhone.ActiveCfg = Release|Any CPU
		{93A63C1A-600D-4A8F-B107-65E4DD5D97B1}.AppStore|iPhone.Build.0 = Release|Any CPU
		{93A63C1A-600D-4A8F-B107-65E4DD5D97B1}.AppStore|iPhone.Deploy.0 = Release|Any CPU
		{93A63C1A-600D-4A8F-B107-65E4DD5D97B1}.AppStore|iPhoneSimulator.ActiveCfg = Release|Any CPU
		{93A63C1A-600D-4A8F-B107-65E4DD5D97B1}.AppStore|iPhoneSimulator.Build.0 = Release|Any CPU
		{93A63C1A-600D-4A8F-B107-65E4DD5D97B1}.AppStore|iPhoneSimulator.Deploy.0 = Release|Any CPU
		{93A63C1A-600D-4A8F-B107-65E4DD5D97B1}.AppStore|x64.ActiveCfg = Release|Any CPU
		{93A63C1A-600D-4A8F-B107-65E4DD5D97B1}.AppStore|x64.Build.0 = Release|Any CPU
		{93A63C1A-600D-4A8F-B107-65E4DD5D97B1}.AppStore|x64.Deploy.0 = Release|Any CPU
		{93A63C1A-600D-4A8F-B107-65E4DD5D97B1}.AppStore|x86.ActiveCfg = Release|Any CPU
		{93A63C1A-600D-4A8F-B107-65E4DD5D97B1}.AppStore|x86.Build.0 = Release|Any CPU
		{93A63C1A-600D-4A8F-B107-65E4DD5D97B1}.AppStore|x86.Deploy.0 = Release|Any CPU
		{93A63C1A-600D-4A8F-B107-65E4DD5D97B1}.Debug|Any CPU.ActiveCfg = Debug|Any CPU
		{93A63C1A-600D-4A8F-B107-65E4DD5D97B1}.Debug|Any CPU.Build.0 = Debug|Any CPU
		{93A63C1A-600D-4A8F-B107-65E4DD5D97B1}.Debug|Any CPU.Deploy.0 = Debug|Any CPU
		{93A63C1A-600D-4A8F-B107-65E4DD5D97B1}.Debug|ARM.ActiveCfg = Debug|Any CPU
		{93A63C1A-600D-4A8F-B107-65E4DD5D97B1}.Debug|ARM.Build.0 = Debug|Any CPU
		{93A63C1A-600D-4A8F-B107-65E4DD5D97B1}.Debug|ARM.Deploy.0 = Debug|Any CPU
		{93A63C1A-600D-4A8F-B107-65E4DD5D97B1}.Debug|iPhone.ActiveCfg = Debug|Any CPU
		{93A63C1A-600D-4A8F-B107-65E4DD5D97B1}.Debug|iPhone.Build.0 = Debug|Any CPU
		{93A63C1A-600D-4A8F-B107-65E4DD5D97B1}.Debug|iPhone.Deploy.0 = Debug|Any CPU
		{93A63C1A-600D-4A8F-B107-65E4DD5D97B1}.Debug|iPhoneSimulator.ActiveCfg = Debug|Any CPU
		{93A63C1A-600D-4A8F-B107-65E4DD5D97B1}.Debug|iPhoneSimulator.Build.0 = Debug|Any CPU
		{93A63C1A-600D-4A8F-B107-65E4DD5D97B1}.Debug|iPhoneSimulator.Deploy.0 = Debug|Any CPU
		{93A63C1A-600D-4A8F-B107-65E4DD5D97B1}.Debug|x64.ActiveCfg = Debug|Any CPU
		{93A63C1A-600D-4A8F-B107-65E4DD5D97B1}.Debug|x64.Build.0 = Debug|Any CPU
		{93A63C1A-600D-4A8F-B107-65E4DD5D97B1}.Debug|x64.Deploy.0 = Debug|Any CPU
		{93A63C1A-600D-4A8F-B107-65E4DD5D97B1}.Debug|x86.ActiveCfg = Debug|Any CPU
		{93A63C1A-600D-4A8F-B107-65E4DD5D97B1}.Debug|x86.Build.0 = Debug|Any CPU
		{93A63C1A-600D-4A8F-B107-65E4DD5D97B1}.Debug|x86.Deploy.0 = Debug|Any CPU
		{93A63C1A-600D-4A8F-B107-65E4DD5D97B1}.Release|Any CPU.ActiveCfg = Release|Any CPU
		{93A63C1A-600D-4A8F-B107-65E4DD5D97B1}.Release|Any CPU.Build.0 = Release|Any CPU
		{93A63C1A-600D-4A8F-B107-65E4DD5D97B1}.Release|Any CPU.Deploy.0 = Release|Any CPU
		{93A63C1A-600D-4A8F-B107-65E4DD5D97B1}.Release|ARM.ActiveCfg = Release|Any CPU
		{93A63C1A-600D-4A8F-B107-65E4DD5D97B1}.Release|ARM.Build.0 = Release|Any CPU
		{93A63C1A-600D-4A8F-B107-65E4DD5D97B1}.Release|ARM.Deploy.0 = Release|Any CPU
		{93A63C1A-600D-4A8F-B107-65E4DD5D97B1}.Release|iPhone.ActiveCfg = Release|Any CPU
		{93A63C1A-600D-4A8F-B107-65E4DD5D97B1}.Release|iPhone.Build.0 = Release|Any CPU
		{93A63C1A-600D-4A8F-B107-65E4DD5D97B1}.Release|iPhone.Deploy.0 = Release|Any CPU
		{93A63C1A-600D-4A8F-B107-65E4DD5D97B1}.Release|iPhoneSimulator.ActiveCfg = Release|Any CPU
		{93A63C1A-600D-4A8F-B107-65E4DD5D97B1}.Release|iPhoneSimulator.Build.0 = Release|Any CPU
		{93A63C1A-600D-4A8F-B107-65E4DD5D97B1}.Release|iPhoneSimulator.Deploy.0 = Release|Any CPU
		{93A63C1A-600D-4A8F-B107-65E4DD5D97B1}.Release|x64.ActiveCfg = Release|Any CPU
		{93A63C1A-600D-4A8F-B107-65E4DD5D97B1}.Release|x64.Build.0 = Release|Any CPU
		{93A63C1A-600D-4A8F-B107-65E4DD5D97B1}.Release|x64.Deploy.0 = Release|Any CPU
		{93A63C1A-600D-4A8F-B107-65E4DD5D97B1}.Release|x86.ActiveCfg = Release|Any CPU
		{93A63C1A-600D-4A8F-B107-65E4DD5D97B1}.Release|x86.Build.0 = Release|Any CPU
		{93A63C1A-600D-4A8F-B107-65E4DD5D97B1}.Release|x86.Deploy.0 = Release|Any CPU
		{2DEF7AD8-7BD2-47A9-B44C-8DA2605320FA}.Ad-Hoc|Any CPU.ActiveCfg = Ad-Hoc|iPhone
		{2DEF7AD8-7BD2-47A9-B44C-8DA2605320FA}.Ad-Hoc|ARM.ActiveCfg = Ad-Hoc|iPhone
		{2DEF7AD8-7BD2-47A9-B44C-8DA2605320FA}.Ad-Hoc|iPhone.ActiveCfg = Ad-Hoc|iPhone
		{2DEF7AD8-7BD2-47A9-B44C-8DA2605320FA}.Ad-Hoc|iPhone.Build.0 = Ad-Hoc|iPhone
		{2DEF7AD8-7BD2-47A9-B44C-8DA2605320FA}.Ad-Hoc|iPhoneSimulator.ActiveCfg = Ad-Hoc|iPhoneSimulator
		{2DEF7AD8-7BD2-47A9-B44C-8DA2605320FA}.Ad-Hoc|iPhoneSimulator.Build.0 = Ad-Hoc|iPhoneSimulator
		{2DEF7AD8-7BD2-47A9-B44C-8DA2605320FA}.Ad-Hoc|x64.ActiveCfg = Ad-Hoc|iPhone
		{2DEF7AD8-7BD2-47A9-B44C-8DA2605320FA}.Ad-Hoc|x86.ActiveCfg = Ad-Hoc|iPhone
		{2DEF7AD8-7BD2-47A9-B44C-8DA2605320FA}.AppStore|Any CPU.ActiveCfg = AppStore|iPhone
		{2DEF7AD8-7BD2-47A9-B44C-8DA2605320FA}.AppStore|ARM.ActiveCfg = AppStore|iPhone
		{2DEF7AD8-7BD2-47A9-B44C-8DA2605320FA}.AppStore|iPhone.ActiveCfg = AppStore|iPhone
		{2DEF7AD8-7BD2-47A9-B44C-8DA2605320FA}.AppStore|iPhone.Build.0 = AppStore|iPhone
		{2DEF7AD8-7BD2-47A9-B44C-8DA2605320FA}.AppStore|iPhoneSimulator.ActiveCfg = AppStore|iPhoneSimulator
		{2DEF7AD8-7BD2-47A9-B44C-8DA2605320FA}.AppStore|iPhoneSimulator.Build.0 = AppStore|iPhoneSimulator
		{2DEF7AD8-7BD2-47A9-B44C-8DA2605320FA}.AppStore|x64.ActiveCfg = AppStore|iPhone
		{2DEF7AD8-7BD2-47A9-B44C-8DA2605320FA}.AppStore|x86.ActiveCfg = AppStore|iPhone
		{2DEF7AD8-7BD2-47A9-B44C-8DA2605320FA}.Debug|Any CPU.ActiveCfg = Debug|iPhone
		{2DEF7AD8-7BD2-47A9-B44C-8DA2605320FA}.Debug|ARM.ActiveCfg = Debug|iPhone
		{2DEF7AD8-7BD2-47A9-B44C-8DA2605320FA}.Debug|iPhone.ActiveCfg = Debug|iPhone
		{2DEF7AD8-7BD2-47A9-B44C-8DA2605320FA}.Debug|iPhone.Build.0 = Debug|iPhone
		{2DEF7AD8-7BD2-47A9-B44C-8DA2605320FA}.Debug|iPhoneSimulator.ActiveCfg = Debug|iPhoneSimulator
		{2DEF7AD8-7BD2-47A9-B44C-8DA2605320FA}.Debug|iPhoneSimulator.Build.0 = Debug|iPhoneSimulator
		{2DEF7AD8-7BD2-47A9-B44C-8DA2605320FA}.Debug|x64.ActiveCfg = Debug|iPhone
		{2DEF7AD8-7BD2-47A9-B44C-8DA2605320FA}.Debug|x86.ActiveCfg = Debug|iPhone
		{2DEF7AD8-7BD2-47A9-B44C-8DA2605320FA}.Release|Any CPU.ActiveCfg = Release|iPhone
		{2DEF7AD8-7BD2-47A9-B44C-8DA2605320FA}.Release|ARM.ActiveCfg = Release|iPhone
		{2DEF7AD8-7BD2-47A9-B44C-8DA2605320FA}.Release|iPhone.ActiveCfg = Release|iPhone
		{2DEF7AD8-7BD2-47A9-B44C-8DA2605320FA}.Release|iPhone.Build.0 = Release|iPhone
		{2DEF7AD8-7BD2-47A9-B44C-8DA2605320FA}.Release|iPhoneSimulator.ActiveCfg = Release|iPhoneSimulator
		{2DEF7AD8-7BD2-47A9-B44C-8DA2605320FA}.Release|iPhoneSimulator.Build.0 = Release|iPhoneSimulator
		{2DEF7AD8-7BD2-47A9-B44C-8DA2605320FA}.Release|x64.ActiveCfg = Release|iPhone
		{2DEF7AD8-7BD2-47A9-B44C-8DA2605320FA}.Release|x86.ActiveCfg = Release|iPhone
		{2D3D1A2C-190A-4068-AA68-1362F1A7FD7E}.Ad-Hoc|Any CPU.ActiveCfg = Release|x86
		{2D3D1A2C-190A-4068-AA68-1362F1A7FD7E}.Ad-Hoc|Any CPU.Build.0 = Release|x86
		{2D3D1A2C-190A-4068-AA68-1362F1A7FD7E}.Ad-Hoc|Any CPU.Deploy.0 = Release|x86
		{2D3D1A2C-190A-4068-AA68-1362F1A7FD7E}.Ad-Hoc|ARM.ActiveCfg = Release|ARM
		{2D3D1A2C-190A-4068-AA68-1362F1A7FD7E}.Ad-Hoc|ARM.Build.0 = Release|ARM
		{2D3D1A2C-190A-4068-AA68-1362F1A7FD7E}.Ad-Hoc|ARM.Deploy.0 = Release|ARM
		{2D3D1A2C-190A-4068-AA68-1362F1A7FD7E}.Ad-Hoc|iPhone.ActiveCfg = Release|x86
		{2D3D1A2C-190A-4068-AA68-1362F1A7FD7E}.Ad-Hoc|iPhone.Build.0 = Release|x86
		{2D3D1A2C-190A-4068-AA68-1362F1A7FD7E}.Ad-Hoc|iPhone.Deploy.0 = Release|x86
		{2D3D1A2C-190A-4068-AA68-1362F1A7FD7E}.Ad-Hoc|iPhoneSimulator.ActiveCfg = Release|x86
		{2D3D1A2C-190A-4068-AA68-1362F1A7FD7E}.Ad-Hoc|iPhoneSimulator.Build.0 = Release|x86
		{2D3D1A2C-190A-4068-AA68-1362F1A7FD7E}.Ad-Hoc|iPhoneSimulator.Deploy.0 = Release|x86
		{2D3D1A2C-190A-4068-AA68-1362F1A7FD7E}.Ad-Hoc|x64.ActiveCfg = Release|x64
		{2D3D1A2C-190A-4068-AA68-1362F1A7FD7E}.Ad-Hoc|x64.Build.0 = Release|x64
		{2D3D1A2C-190A-4068-AA68-1362F1A7FD7E}.Ad-Hoc|x64.Deploy.0 = Release|x64
		{2D3D1A2C-190A-4068-AA68-1362F1A7FD7E}.Ad-Hoc|x86.ActiveCfg = Release|x86
		{2D3D1A2C-190A-4068-AA68-1362F1A7FD7E}.Ad-Hoc|x86.Build.0 = Release|x86
		{2D3D1A2C-190A-4068-AA68-1362F1A7FD7E}.Ad-Hoc|x86.Deploy.0 = Release|x86
		{2D3D1A2C-190A-4068-AA68-1362F1A7FD7E}.AppStore|Any CPU.ActiveCfg = Release|x86
		{2D3D1A2C-190A-4068-AA68-1362F1A7FD7E}.AppStore|Any CPU.Build.0 = Release|x86
		{2D3D1A2C-190A-4068-AA68-1362F1A7FD7E}.AppStore|Any CPU.Deploy.0 = Release|x86
		{2D3D1A2C-190A-4068-AA68-1362F1A7FD7E}.AppStore|ARM.ActiveCfg = Release|ARM
		{2D3D1A2C-190A-4068-AA68-1362F1A7FD7E}.AppStore|ARM.Build.0 = Release|ARM
		{2D3D1A2C-190A-4068-AA68-1362F1A7FD7E}.AppStore|ARM.Deploy.0 = Release|ARM
		{2D3D1A2C-190A-4068-AA68-1362F1A7FD7E}.AppStore|iPhone.ActiveCfg = Release|x86
		{2D3D1A2C-190A-4068-AA68-1362F1A7FD7E}.AppStore|iPhone.Build.0 = Release|x86
		{2D3D1A2C-190A-4068-AA68-1362F1A7FD7E}.AppStore|iPhone.Deploy.0 = Release|x86
		{2D3D1A2C-190A-4068-AA68-1362F1A7FD7E}.AppStore|iPhoneSimulator.ActiveCfg = Release|x86
		{2D3D1A2C-190A-4068-AA68-1362F1A7FD7E}.AppStore|iPhoneSimulator.Build.0 = Release|x86
		{2D3D1A2C-190A-4068-AA68-1362F1A7FD7E}.AppStore|iPhoneSimulator.Deploy.0 = Release|x86
		{2D3D1A2C-190A-4068-AA68-1362F1A7FD7E}.AppStore|x64.ActiveCfg = Release|x64
		{2D3D1A2C-190A-4068-AA68-1362F1A7FD7E}.AppStore|x64.Build.0 = Release|x64
		{2D3D1A2C-190A-4068-AA68-1362F1A7FD7E}.AppStore|x64.Deploy.0 = Release|x64
		{2D3D1A2C-190A-4068-AA68-1362F1A7FD7E}.AppStore|x86.ActiveCfg = Release|x86
		{2D3D1A2C-190A-4068-AA68-1362F1A7FD7E}.AppStore|x86.Build.0 = Release|x86
		{2D3D1A2C-190A-4068-AA68-1362F1A7FD7E}.AppStore|x86.Deploy.0 = Release|x86
		{2D3D1A2C-190A-4068-AA68-1362F1A7FD7E}.Debug|Any CPU.ActiveCfg = Debug|x86
		{2D3D1A2C-190A-4068-AA68-1362F1A7FD7E}.Debug|ARM.ActiveCfg = Debug|ARM
		{2D3D1A2C-190A-4068-AA68-1362F1A7FD7E}.Debug|ARM.Build.0 = Debug|ARM
		{2D3D1A2C-190A-4068-AA68-1362F1A7FD7E}.Debug|ARM.Deploy.0 = Debug|ARM
		{2D3D1A2C-190A-4068-AA68-1362F1A7FD7E}.Debug|iPhone.ActiveCfg = Debug|x86
		{2D3D1A2C-190A-4068-AA68-1362F1A7FD7E}.Debug|iPhoneSimulator.ActiveCfg = Debug|x86
		{2D3D1A2C-190A-4068-AA68-1362F1A7FD7E}.Debug|x64.ActiveCfg = Debug|x64
		{2D3D1A2C-190A-4068-AA68-1362F1A7FD7E}.Debug|x64.Build.0 = Debug|x64
		{2D3D1A2C-190A-4068-AA68-1362F1A7FD7E}.Debug|x64.Deploy.0 = Debug|x64
		{2D3D1A2C-190A-4068-AA68-1362F1A7FD7E}.Debug|x86.ActiveCfg = Debug|x86
		{2D3D1A2C-190A-4068-AA68-1362F1A7FD7E}.Debug|x86.Build.0 = Debug|x86
		{2D3D1A2C-190A-4068-AA68-1362F1A7FD7E}.Debug|x86.Deploy.0 = Debug|x86
		{2D3D1A2C-190A-4068-AA68-1362F1A7FD7E}.Release|Any CPU.ActiveCfg = Release|x86
		{2D3D1A2C-190A-4068-AA68-1362F1A7FD7E}.Release|ARM.ActiveCfg = Release|ARM
		{2D3D1A2C-190A-4068-AA68-1362F1A7FD7E}.Release|ARM.Build.0 = Release|ARM
		{2D3D1A2C-190A-4068-AA68-1362F1A7FD7E}.Release|ARM.Deploy.0 = Release|ARM
		{2D3D1A2C-190A-4068-AA68-1362F1A7FD7E}.Release|iPhone.ActiveCfg = Release|x86
		{2D3D1A2C-190A-4068-AA68-1362F1A7FD7E}.Release|iPhoneSimulator.ActiveCfg = Release|x86
		{2D3D1A2C-190A-4068-AA68-1362F1A7FD7E}.Release|x64.ActiveCfg = Release|x64
		{2D3D1A2C-190A-4068-AA68-1362F1A7FD7E}.Release|x64.Build.0 = Release|x64
		{2D3D1A2C-190A-4068-AA68-1362F1A7FD7E}.Release|x64.Deploy.0 = Release|x64
		{2D3D1A2C-190A-4068-AA68-1362F1A7FD7E}.Release|x86.ActiveCfg = Release|x86
		{2D3D1A2C-190A-4068-AA68-1362F1A7FD7E}.Release|x86.Build.0 = Release|x86
		{2D3D1A2C-190A-4068-AA68-1362F1A7FD7E}.Release|x86.Deploy.0 = Release|x86
	EndGlobalSection
	GlobalSection(SolutionProperties) = preSolution
		HideSolutionNode = FALSE
	EndGlobalSection
EndGlobal
